version = 1
revision = 3
requires-python = ">=3.14"

[[package]]
name = "annotated-types"
version = "0.7.0"
source = { registry = "https://pypi.org/simple" }
sdist = { url = "https://files.pythonhosted.org/packages/ee/67/531ea369ba64dcff5ec9c3402f9f51bf748cec26dde048a2f973a4eea7f5/annotated_types-0.7.0.tar.gz", hash = "sha256:aff07c09a53a08bc8cfccb9c85b05f1aa9a2a6f23728d790723543408344ce89", size = 16081, upload-time = "2024-05-20T21:33:25.928Z" }
wheels = [
    { url = "https://files.pythonhosted.org/packages/78/b6/6307fbef88d9b5ee7421e68d78a9f162e0da4900bc5f5793f6d3d0e34fb8/annotated_types-0.7.0-py3-none-any.whl", hash = "sha256:1f02e8b43a8fbbc3f3e0d4f0f4bfc8131bcb4eebe8849b8e5c773f3a1c582a53", size = 13643, upload-time = "2024-05-20T21:33:24.1Z" },
]

[[package]]
name = "attrs"
version = "25.4.0"
source = { registry = "https://pypi.org/simple" }
sdist = { url = "https://files.pythonhosted.org/packages/6b/5c/685e6633917e101e5dcb62b9dd76946cbb57c26e133bae9e0cd36033c0a9/attrs-25.4.0.tar.gz", hash = "sha256:16d5969b87f0859ef33a48b35d55ac1be6e42ae49d5e853b597db70c35c57e11", size = 934251, upload-time = "2025-10-06T13:54:44.725Z" }
wheels = [
    { url = "https://files.pythonhosted.org/packages/3a/2a/7cc015f5b9f5db42b7d48157e23356022889fc354a2813c15934b7cb5c0e/attrs-25.4.0-py3-none-any.whl", hash = "sha256:adcf7e2a1fb3b36ac48d97835bb6d8ade15b8dcce26aba8bf1d14847b57a3373", size = 67615, upload-time = "2025-10-06T13:54:43.17Z" },
]

[[package]]
name = "jsonschema"
version = "4.25.1"
source = { registry = "https://pypi.org/simple" }
dependencies = [
    { name = "attrs" },
    { name = "jsonschema-specifications" },
    { name = "referencing" },
    { name = "rpds-py" },
]
sdist = { url = "https://files.pythonhosted.org/packages/74/69/f7185de793a29082a9f3c7728268ffb31cb5095131a9c139a74078e27336/jsonschema-4.25.1.tar.gz", hash = "sha256:e4a9655ce0da0c0b67a085847e00a3a51449e1157f4f75e9fb5aa545e122eb85", size = 357342, upload-time = "2025-08-18T17:03:50.038Z" }
wheels = [
    { url = "https://files.pythonhosted.org/packages/bf/9c/8c95d856233c1f82500c2450b8c68576b4cf1c871db3afac5c34ff84e6fd/jsonschema-4.25.1-py3-none-any.whl", hash = "sha256:3fba0169e345c7175110351d456342c364814cfcf3b964ba4587f22915230a63", size = 90040, upload-time = "2025-08-18T17:03:48.373Z" },
]

[[package]]
name = "jsonschema-specifications"
version = "2025.9.1"
source = { registry = "https://pypi.org/simple" }
dependencies = [
    { name = "referencing" },
]
sdist = { url = "https://files.pythonhosted.org/packages/19/74/a633ee74eb36c44aa6d1095e7cc5569bebf04342ee146178e2d36600708b/jsonschema_specifications-2025.9.1.tar.gz", hash = "sha256:b540987f239e745613c7a9176f3edb72b832a4ac465cf02712288397832b5e8d", size = 32855, upload-time = "2025-09-08T01:34:59.186Z" }
wheels = [
    { url = "https://files.pythonhosted.org/packages/41/45/1a4ed80516f02155c51f51e8cedb3c1902296743db0bbc66608a0db2814f/jsonschema_specifications-2025.9.1-py3-none-any.whl", hash = "sha256:98802fee3a11ee76ecaca44429fda8a41bff98b00a0f2838151b113f210cc6fe", size = 18437, upload-time = "2025-09-08T01:34:57.871Z" },
]

[[package]]
name = "junior-project-task"
version = "0.1.0"
source = { virtual = "." }
dependencies = [
    { name = "jsonschema" },
    { name = "pydantic" },
]

[package.metadata]
requires-dist = [
    { name = "jsonschema", specifier = ">=4.25.1" },
    { name = "pydantic", specifier = ">=2.12.4" },
]

[[package]]
name = "pydantic"
version = "2.12.4"
source = { registry = "https://pypi.org/simple" }
dependencies = [
    { name = "annotated-types" },
    { name = "pydantic-core" },
    { name = "typing-extensions" },
    { name = "typing-inspection" },
]
sdist = { url = "https://files.pythonhosted.org/packages/96/ad/a17bc283d7d81837c061c49e3eaa27a45991759a1b7eae1031921c6bd924/pydantic-2.12.4.tar.gz", hash = "sha256:0f8cb9555000a4b5b617f66bfd2566264c4984b27589d3b845685983e8ea85ac", size = 821038, upload-time = "2025-11-05T10:50:08.59Z" }
wheels = [
    { url = "https://files.pythonhosted.org/packages/82/2f/e68750da9b04856e2a7ec56fc6f034a5a79775e9b9a81882252789873798/pydantic-2.12.4-py3-none-any.whl", hash = "sha256:92d3d202a745d46f9be6df459ac5a064fdaa3c1c4cd8adcfa332ccf3c05f871e", size = 463400, upload-time = "2025-11-05T10:50:06.732Z" },
]

[[package]]
name = "pydantic-core"
version = "2.41.5"
source = { registry = "https://pypi.org/simple" }
dependencies = [
    { name = "typing-extensions" },
]
sdist = { url = "https://files.pythonhosted.org/packages/71/70/23b021c950c2addd24ec408e9ab05d59b035b39d97cdc1130e1bce647bb6/pydantic_core-2.41.5.tar.gz", hash = "sha256:08daa51ea16ad373ffd5e7606252cc32f07bc72b28284b6bc9c6df804816476e", size = 460952, upload-time = "2025-11-04T13:43:49.098Z" }
wheels = [
    { url = "https://files.pythonhosted.org/packages/ea/28/46b7c5c9635ae96ea0fbb779e271a38129df2550f763937659ee6c5dbc65/pydantic_core-2.41.5-cp314-cp314-macosx_10_12_x86_64.whl", hash = "sha256:3f37a19d7ebcdd20b96485056ba9e8b304e27d9904d233d7b1015db320e51f0a", size = 2119622, upload-time = "2025-11-04T13:40:56.68Z" },
    { url = "https://files.pythonhosted.org/packages/74/1a/145646e5687e8d9a1e8d09acb278c8535ebe9e972e1f162ed338a622f193/pydantic_core-2.41.5-cp314-cp314-macosx_11_0_arm64.whl", hash = "sha256:1d1d9764366c73f996edd17abb6d9d7649a7eb690006ab6adbda117717099b14", size = 1891725, upload-time = "2025-11-04T13:40:58.807Z" },
    { url = "https://files.pythonhosted.org/packages/23/04/e89c29e267b8060b40dca97bfc64a19b2a3cf99018167ea1677d96368273/pydantic_core-2.41.5-cp314-cp314-manylinux_2_17_aarch64.manylinux2014_aarch64.whl", hash = "sha256:25e1c2af0fce638d5f1988b686f3b3ea8cd7de5f244ca147c777769e798a9cd1", size = 1915040, upload-time = "2025-11-04T13:41:00.853Z" },
    { url = "https://files.pythonhosted.org/packages/84/a3/15a82ac7bd97992a82257f777b3583d3e84bdb06ba6858f745daa2ec8a85/pydantic_core-2.41.5-cp314-cp314-manylinux_2_17_armv7l.manylinux2014_armv7l.whl", hash = "sha256:506d766a8727beef16b7adaeb8ee6217c64fc813646b424d0804d67c16eddb66", size = 2063691, upload-time = "2025-11-04T13:41:03.504Z" },
    { url = "https://files.pythonhosted.org/packages/74/9b/0046701313c6ef08c0c1cf0e028c67c770a4e1275ca73131563c5f2a310a/pydantic_core-2.41.5-cp314-cp314-manylinux_2_17_ppc64le.manylinux2014_ppc64le.whl", hash = "sha256:4819fa52133c9aa3c387b3328f25c1facc356491e6135b459f1de698ff64d869", size = 2213897, upload-time = "2025-11-04T13:41:05.804Z" },
    { url = "https://files.pythonhosted.org/packages/8a/cd/6bac76ecd1b27e75a95ca3a9a559c643b3afcd2dd62086d4b7a32a18b169/pydantic_core-2.41.5-cp314-cp314-manylinux_2_17_s390x.manylinux2014_s390x.whl", hash = "sha256:2b761d210c9ea91feda40d25b4efe82a1707da2ef62901466a42492c028553a2", size = 2333302, upload-time = "2025-11-04T13:41:07.809Z" },
    { url = "https://files.pythonhosted.org/packages/4c/d2/ef2074dc020dd6e109611a8be4449b98cd25e1b9b8a303c2f0fca2f2bcf7/pydantic_core-2.41.5-cp314-cp314-manylinux_2_17_x86_64.manylinux2014_x86_64.whl", hash = "sha256:22f0fb8c1c583a3b6f24df2470833b40207e907b90c928cc8d3594b76f874375", size = 2064877, upload-time = "2025-11-04T13:41:09.827Z" },
    { url = "https://files.pythonhosted.org/packages/18/66/e9db17a9a763d72f03de903883c057b2592c09509ccfe468187f2a2eef29/pydantic_core-2.41.5-cp314-cp314-manylinux_2_5_i686.manylinux1_i686.whl", hash = "sha256:2782c870e99878c634505236d81e5443092fba820f0373997ff75f90f68cd553", size = 2180680, upload-time = "2025-11-04T13:41:12.379Z" },
    { url = "https://files.pythonhosted.org/packages/d3/9e/3ce66cebb929f3ced22be85d4c2399b8e85b622db77dad36b73c5387f8f8/pydantic_core-2.41.5-cp314-cp314-musllinux_1_1_aarch64.whl", hash = "sha256:0177272f88ab8312479336e1d777f6b124537d47f2123f89cb37e0accea97f90", size = 2138960, upload-time = "2025-11-04T13:41:14.627Z" },
    { url = "https://files.pythonhosted.org/packages/a6/62/205a998f4327d2079326b01abee48e502ea739d174f0a89295c481a2272e/pydantic_core-2.41.5-cp314-cp314-musllinux_1_1_armv7l.whl", hash = "sha256:63510af5e38f8955b8ee5687740d6ebf7c2a0886d15a6d65c32814613681bc07", size = 2339102, upload-time = "2025-11-04T13:41:16.868Z" },
    { url = "https://files.pythonhosted.org/packages/3c/0d/f05e79471e889d74d3d88f5bd20d0ed189ad94c2423d81ff8d0000aab4ff/pydantic_core-2.41.5-cp314-cp314-musllinux_1_1_x86_64.whl", hash = "sha256:e56ba91f47764cc14f1daacd723e3e82d1a89d783f0f5afe9c364b8bb491ccdb", size = 2326039, upload-time = "2025-11-04T13:41:18.934Z" },
    { url = "https://files.pythonhosted.org/packages/ec/e1/e08a6208bb100da7e0c4b288eed624a703f4d129bde2da475721a80cab32/pydantic_core-2.41.5-cp314-cp314-win32.whl", hash = "sha256:aec5cf2fd867b4ff45b9959f8b20ea3993fc93e63c7363fe6851424c8a7e7c23", size = 1995126, upload-time = "2025-11-04T13:41:21.418Z" },
    { url = "https://files.pythonhosted.org/packages/48/5d/56ba7b24e9557f99c9237e29f5c09913c81eeb2f3217e40e922353668092/pydantic_core-2.41.5-cp314-cp314-win_amd64.whl", hash = "sha256:8e7c86f27c585ef37c35e56a96363ab8de4e549a95512445b85c96d3e2f7c1bf", size = 2015489, upload-time = "2025-11-04T13:41:24.076Z" },
    { url = "https://files.pythonhosted.org/packages/4e/bb/f7a190991ec9e3e0ba22e4993d8755bbc4a32925c0b5b42775c03e8148f9/pydantic_core-2.41.5-cp314-cp314-win_arm64.whl", hash = "sha256:e672ba74fbc2dc8eea59fb6d4aed6845e6905fc2a8afe93175d94a83ba2a01a0", size = 1977288, upload-time = "2025-11-04T13:41:26.33Z" },
    { url = "https://files.pythonhosted.org/packages/92/ed/77542d0c51538e32e15afe7899d79efce4b81eee631d99850edc2f5e9349/pydantic_core-2.41.5-cp314-cp314t-macosx_10_12_x86_64.whl", hash = "sha256:8566def80554c3faa0e65ac30ab0932b9e3a5cd7f8323764303d468e5c37595a", size = 2120255, upload-time = "2025-11-04T13:41:28.569Z" },
    { url = "https://files.pythonhosted.org/packages/bb/3d/6913dde84d5be21e284439676168b28d8bbba5600d838b9dca99de0fad71/pydantic_core-2.41.5-cp314-cp314t-macosx_11_0_arm64.whl", hash = "sha256:b80aa5095cd3109962a298ce14110ae16b8c1aece8b72f9dafe81cf597ad80b3", size = 1863760, upload-time = "2025-11-04T13:41:31.055Z" },
    { url = "https://files.pythonhosted.org/packages/5a/f0/e5e6b99d4191da102f2b0eb9687aaa7f5bea5d9964071a84effc3e40f997/pydantic_core-2.41.5-cp314-cp314t-manylinux_2_17_aarch64.manylinux2014_aarch64.whl", hash = "sha256:3006c3dd9ba34b0c094c544c6006cc79e87d8612999f1a5d43b769b89181f23c", size = 1878092, upload-time = "2025-11-04T13:41:33.21Z" },
    { url = "https://files.pythonhosted.org/packages/71/48/36fb760642d568925953bcc8116455513d6e34c4beaa37544118c36aba6d/pydantic_core-2.41.5-cp314-cp314t-manylinux_2_17_armv7l.manylinux2014_armv7l.whl", hash = "sha256:72f6c8b11857a856bcfa48c86f5368439f74453563f951e473514579d44aa612", size = 2053385, upload-time = "2025-11-04T13:41:35.508Z" },
    { url = "https://files.pythonhosted.org/packages/20/25/92dc684dd8eb75a234bc1c764b4210cf2646479d54b47bf46061657292a8/pydantic_core-2.41.5-cp314-cp314t-manylinux_2_17_ppc64le.manylinux2014_ppc64le.whl", hash = "sha256:5cb1b2f9742240e4bb26b652a5aeb840aa4b417c7748b6f8387927bc6e45e40d", size = 2218832, upload-time = "2025-11-04T13:41:37.732Z" },
    { url = "https://files.pythonhosted.org/packages/e2/09/f53e0b05023d3e30357d82eb35835d0f6340ca344720a4599cd663dca599/pydantic_core-2.41.5-cp314-cp314t-manylinux_2_17_s390x.manylinux2014_s390x.whl", hash = "sha256:bd3d54f38609ff308209bd43acea66061494157703364ae40c951f83ba99a1a9", size = 2327585, upload-time = "2025-11-04T13:41:40Z" },
    { url = "https://files.pythonhosted.org/packages/aa/4e/2ae1aa85d6af35a39b236b1b1641de73f5a6ac4d5a7509f77b814885760c/pydantic_core-2.41.5-cp314-cp314t-manylinux_2_17_x86_64.manylinux2014_x86_64.whl", hash = "sha256:2ff4321e56e879ee8d2a879501c8e469414d948f4aba74a2d4593184eb326660", size = 2041078, upload-time = "2025-11-04T13:41:42.323Z" },
    { url = "https://files.pythonhosted.org/packages/cd/13/2e215f17f0ef326fc72afe94776edb77525142c693767fc347ed6288728d/pydantic_core-2.41.5-cp314-cp314t-manylinux_2_5_i686.manylinux1_i686.whl", hash = "sha256:d0d2568a8c11bf8225044aa94409e21da0cb09dcdafe9ecd10250b2baad531a9", size = 2173914, upload-time = "2025-11-04T13:41:45.221Z" },
    { url = "https://files.pythonhosted.org/packages/02/7a/f999a6dcbcd0e5660bc348a3991c8915ce6599f4f2c6ac22f01d7a10816c/pydantic_core-2.41.5-cp314-cp314t-musllinux_1_1_aarch64.whl", hash = "sha256:a39455728aabd58ceabb03c90e12f71fd30fa69615760a075b9fec596456ccc3", size = 2129560, upload-time = "2025-11-04T13:41:47.474Z" },
    { url = "https://files.pythonhosted.org/packages/3a/b1/6c990ac65e3b4c079a4fb9f5b05f5b013afa0f4ed6780a3dd236d2cbdc64/pydantic_core-2.41.5-cp314-cp314t-musllinux_1_1_armv7l.whl", hash = "sha256:239edca560d05757817c13dc17c50766136d21f7cd0fac50295499ae24f90fdf", size = 2329244, upload-time = "2025-11-04T13:41:49.992Z" },
    { url = "https://files.pythonhosted.org/packages/d9/02/3c562f3a51afd4d88fff8dffb1771b30cfdfd79befd9883ee094f5b6c0d8/pydantic_core-2.41.5-cp314-cp314t-musllinux_1_1_x86_64.whl", hash = "sha256:2a5e06546e19f24c6a96a129142a75cee553cc018ffee48a460059b1185f4470", size = 2331955, upload-time = "2025-11-04T13:41:54.079Z" },
    { url = "https://files.pythonhosted.org/packages/5c/96/5fb7d8c3c17bc8c62fdb031c47d77a1af698f1d7a406b0f79aaa1338f9ad/pydantic_core-2.41.5-cp314-cp314t-win32.whl", hash = "sha256:b4ececa40ac28afa90871c2cc2b9ffd2ff0bf749380fbdf57d165fd23da353aa", size = 1988906, upload-time = "2025-11-04T13:41:56.606Z" },
    { url = "https://files.pythonhosted.org/packages/22/ed/182129d83032702912c2e2d8bbe33c036f342cc735737064668585dac28f/pydantic_core-2.41.5-cp314-cp314t-win_amd64.whl", hash = "sha256:80aa89cad80b32a912a65332f64a4450ed00966111b6615ca6816153d3585a8c", size = 1981607, upload-time = "2025-11-04T13:41:58.889Z" },
    { url = "https://files.pythonhosted.org/packages/9f/ed/068e41660b832bb0b1aa5b58011dea2a3fe0ba7861ff38c4d4904c1c1a99/pydantic_core-2.41.5-cp314-cp314t-win_arm64.whl", hash = "sha256:35b44f37a3199f771c3eaa53051bc8a70cd7b54f333531c59e29fd4db5d15008", size = 1974769, upload-time = "2025-11-04T13:42:01.186Z" },
]

[[package]]
name = "referencing"
version = "0.37.0"
source = { registry = "https://pypi.org/simple" }
dependencies = [
    { name = "attrs" },
    { name = "rpds-py" },
]
sdist = { url = "https://files.pythonhosted.org/packages/22/f5/df4e9027acead3ecc63e50fe1e36aca1523e1719559c499951bb4b53188f/referencing-0.37.0.tar.gz", hash = "sha256:44aefc3142c5b842538163acb373e24cce6632bd54bdb01b21ad5863489f50d8", size = 78036, upload-time = "2025-10-13T15:30:48.871Z" }
wheels = [
    { url = "https://files.pythonhosted.org/packages/2c/58/ca301544e1fa93ed4f80d724bf5b194f6e4b945841c5bfd555878eea9fcb/referencing-0.37.0-py3-none-any.whl", hash = "sha256:381329a9f99628c9069361716891d34ad94af76e461dcb0335825aecc7692231", size = 26766, upload-time = "2025-10-13T15:30:47.625Z" },
]

[[package]]
name = "rpds-py"
version = "0.28.0"
source = { registry = "https://pypi.org/simple" }
sdist = { url = "https://files.pythonhosted.org/packages/48/dc/95f074d43452b3ef5d06276696ece4b3b5d696e7c9ad7173c54b1390cd70/rpds_py-0.28.0.tar.gz", hash = "sha256:abd4df20485a0983e2ca334a216249b6186d6e3c1627e106651943dbdb791aea", size = 27419, upload-time = "2025-10-22T22:24:29.327Z" }
wheels = [
    { url = "https://files.pythonhosted.org/packages/08/47/ffe8cd7a6a02833b10623bf765fbb57ce977e9a4318ca0e8cf97e9c3d2b3/rpds_py-0.28.0-cp314-cp314-macosx_10_12_x86_64.whl", hash = "sha256:dcdcb890b3ada98a03f9f2bb108489cdc7580176cb73b4f2d789e9a1dac1d472", size = 353830, upload-time = "2025-10-22T22:23:17.03Z" },
    { url = "https://files.pythonhosted.org/packages/f9/9f/890f36cbd83a58491d0d91ae0db1702639edb33fb48eeb356f80ecc6b000/rpds_py-0.28.0-cp314-cp314-macosx_11_0_arm64.whl", hash = "sha256:f274f56a926ba2dc02976ca5b11c32855cbd5925534e57cfe1fda64e04d1add2", size = 341819, upload-time = "2025-10-22T22:23:18.57Z" },
    { url = "https://files.pythonhosted.org/packages/09/e3/921eb109f682aa24fb76207698fbbcf9418738f35a40c21652c29053f23d/rpds_py-0.28.0-cp314-cp314-manylinux_2_17_aarch64.manylinux2014_aarch64.whl", hash = "sha256:4fe0438ac4a29a520ea94c8c7f1754cdd8feb1bc490dfda1bfd990072363d527", size = 373127, upload-time = "2025-10-22T22:23:20.216Z" },
    { url = "https://files.pythonhosted.org/packages/23/13/bce4384d9f8f4989f1a9599c71b7a2d877462e5fd7175e1f69b398f729f4/rpds_py-0.28.0-cp314-cp314-manylinux_2_17_armv7l.manylinux2014_armv7l.whl", hash = "sha256:8a358a32dd3ae50e933347889b6af9a1bdf207ba5d1a3f34e1a38cd3540e6733", size = 382767, upload-time = "2025-10-22T22:23:21.787Z" },
    { url = "https://files.pythonhosted.org/packages/23/e1/579512b2d89a77c64ccef5a0bc46a6ef7f72ae0cf03d4b26dcd52e57ee0a/rpds_py-0.28.0-cp314-cp314-manylinux_2_17_ppc64le.manylinux2014_ppc64le.whl", hash = "sha256:e80848a71c78aa328fefaba9c244d588a342c8e03bda518447b624ea64d1ff56", size = 517585, upload-time = "2025-10-22T22:23:23.699Z" },
    { url = "https://files.pythonhosted.org/packages/62/3c/ca704b8d324a2591b0b0adcfcaadf9c862375b11f2f667ac03c61b4fd0a6/rpds_py-0.28.0-cp314-cp314-manylinux_2_17_s390x.manylinux2014_s390x.whl", hash = "sha256:f586db2e209d54fe177e58e0bc4946bea5fb0102f150b1b2f13de03e1f0976f8", size = 399828, upload-time = "2025-10-22T22:23:25.713Z" },
    { url = "https://files.pythonhosted.org/packages/da/37/e84283b9e897e3adc46b4c88bb3f6ec92a43bd4d2f7ef5b13459963b2e9c/rpds_py-0.28.0-cp314-cp314-manylinux_2_17_x86_64.manylinux2014_x86_64.whl", hash = "sha256:5ae8ee156d6b586e4292491e885d41483136ab994e719a13458055bec14cf370", size = 375509, upload-time = "2025-10-22T22:23:27.32Z" },
    { url = "https://files.pythonhosted.org/packages/1a/c2/a980beab869d86258bf76ec42dec778ba98151f253a952b02fe36d72b29c/rpds_py-0.28.0-cp314-cp314-manylinux_2_31_riscv64.whl", hash = "sha256:a805e9b3973f7e27f7cab63a6b4f61d90f2e5557cff73b6e97cd5b8540276d3d", size = 392014, upload-time = "2025-10-22T22:23:29.332Z" },
    { url = "https://files.pythonhosted.org/packages/da/b5/b1d3c5f9d3fa5aeef74265f9c64de3c34a0d6d5cd3c81c8b17d5c8f10ed4/rpds_py-0.28.0-cp314-cp314-manylinux_2_5_i686.manylinux1_i686.whl", hash = "sha256:5d3fd16b6dc89c73a4da0b4ac8b12a7ecc75b2864b95c9e5afed8003cb50a728", size = 402410, upload-time = "2025-10-22T22:23:31.14Z" },
    { url = "https://files.pythonhosted.org/packages/74/ae/cab05ff08dfcc052afc73dcb38cbc765ffc86f94e966f3924cd17492293c/rpds_py-0.28.0-cp314-cp314-musllinux_1_2_aarch64.whl", hash = "sha256:6796079e5d24fdaba6d49bda28e2c47347e89834678f2bc2c1b4fc1489c0fb01", size = 553593, upload-time = "2025-10-22T22:23:32.834Z" },
    { url = "https://files.pythonhosted.org/packages/70/80/50d5706ea2a9bfc9e9c5f401d91879e7c790c619969369800cde202da214/rpds_py-0.28.0-cp314-cp314-musllinux_1_2_i686.whl", hash = "sha256:76500820c2af232435cbe215e3324c75b950a027134e044423f59f5b9a1ba515", size = 576925, upload-time = "2025-10-22T22:23:34.47Z" },
    { url = "https://files.pythonhosted.org/packages/ab/12/85a57d7a5855a3b188d024b099fd09c90db55d32a03626d0ed16352413ff/rpds_py-0.28.0-cp314-cp314-musllinux_1_2_x86_64.whl", hash = "sha256:bbdc5640900a7dbf9dd707fe6388972f5bbd883633eb68b76591044cfe346f7e", size = 542444, upload-time = "2025-10-22T22:23:36.093Z" },
    { url = "https://files.pythonhosted.org/packages/6c/65/10643fb50179509150eb94d558e8837c57ca8b9adc04bd07b98e57b48f8c/rpds_py-0.28.0-cp314-cp314-win32.whl", hash = "sha256:adc8aa88486857d2b35d75f0640b949759f79dc105f50aa2c27816b2e0dd749f", size = 207968, upload-time = "2025-10-22T22:23:37.638Z" },
    { url = "https://files.pythonhosted.org/packages/b4/84/0c11fe4d9aaea784ff4652499e365963222481ac647bcd0251c88af646eb/rpds_py-0.28.0-cp314-cp314-win_amd64.whl", hash = "sha256:66e6fa8e075b58946e76a78e69e1a124a21d9a48a5b4766d15ba5b06869d1fa1", size = 218876, upload-time = "2025-10-22T22:23:39.179Z" },
    { url = "https://files.pythonhosted.org/packages/0f/e0/3ab3b86ded7bb18478392dc3e835f7b754cd446f62f3fc96f4fe2aca78f6/rpds_py-0.28.0-cp314-cp314-win_arm64.whl", hash = "sha256:a6fe887c2c5c59413353b7c0caff25d0e566623501ccfff88957fa438a69377d", size = 212506, upload-time = "2025-10-22T22:23:40.755Z" },
    { url = "https://files.pythonhosted.org/packages/51/ec/d5681bb425226c3501eab50fc30e9d275de20c131869322c8a1729c7b61c/rpds_py-0.28.0-cp314-cp314t-macosx_10_12_x86_64.whl", hash = "sha256:7a69df082db13c7070f7b8b1f155fa9e687f1d6aefb7b0e3f7231653b79a067b", size = 355433, upload-time = "2025-10-22T22:23:42.259Z" },
    { url = "https://files.pythonhosted.org/packages/be/ec/568c5e689e1cfb1ea8b875cffea3649260955f677fdd7ddc6176902d04cd/rpds_py-0.28.0-cp314-cp314t-macosx_11_0_arm64.whl", hash = "sha256:b1cde22f2c30ebb049a9e74c5374994157b9b70a16147d332f89c99c5960737a", size = 342601, upload-time = "2025-10-22T22:23:44.372Z" },
    { url = "https://files.pythonhosted.org/packages/32/fe/51ada84d1d2a1d9d8f2c902cfddd0133b4a5eb543196ab5161d1c07ed2ad/rpds_py-0.28.0-cp314-cp314t-manylinux_2_17_aarch64.manylinux2014_aarch64.whl", hash = "sha256:5338742f6ba7a51012ea470bd4dc600a8c713c0c72adaa0977a1b1f4327d6592", size = 372039, upload-time = "2025-10-22T22:23:46.025Z" },
    { url = "https://files.pythonhosted.org/packages/07/c1/60144a2f2620abade1a78e0d91b298ac2d9b91bc08864493fa00451ef06e/rpds_py-0.28.0-cp314-cp314t-manylinux_2_17_armv7l.manylinux2014_armv7l.whl", hash = "sha256:e1460ebde1bcf6d496d80b191d854adedcc619f84ff17dc1c6d550f58c9efbba", size = 382407, upload-time = "2025-10-22T22:23:48.098Z" },
    { url = "https://files.pythonhosted.org/packages/45/ed/091a7bbdcf4038a60a461df50bc4c82a7ed6d5d5e27649aab61771c17585/rpds_py-0.28.0-cp314-cp314t-manylinux_2_17_ppc64le.manylinux2014_ppc64le.whl", hash = "sha256:e3eb248f2feba84c692579257a043a7699e28a77d86c77b032c1d9fbb3f0219c", size = 518172, upload-time = "2025-10-22T22:23:50.16Z" },
    { url = "https://files.pythonhosted.org/packages/54/dd/02cc90c2fd9c2ef8016fd7813bfacd1c3a1325633ec8f244c47b449fc868/rpds_py-0.28.0-cp314-cp314t-manylinux_2_17_s390x.manylinux2014_s390x.whl", hash = "sha256:bd3bbba5def70b16cd1c1d7255666aad3b290fbf8d0fe7f9f91abafb73611a91", size = 399020, upload-time = "2025-10-22T22:23:51.81Z" },
    { url = "https://files.pythonhosted.org/packages/ab/81/5d98cc0329bbb911ccecd0b9e19fbf7f3a5de8094b4cda5e71013b2dd77e/rpds_py-0.28.0-cp314-cp314t-manylinux_2_17_x86_64.manylinux2014_x86_64.whl", hash = "sha256:3114f4db69ac5a1f32e7e4d1cbbe7c8f9cf8217f78e6e002cedf2d54c2a548ed", size = 377451, upload-time = "2025-10-22T22:23:53.711Z" },
    { url = "https://files.pythonhosted.org/packages/b4/07/4d5bcd49e3dfed2d38e2dcb49ab6615f2ceb9f89f5a372c46dbdebb4e028/rpds_py-0.28.0-cp314-cp314t-manylinux_2_31_riscv64.whl", hash = "sha256:4b0cb8a906b1a0196b863d460c0222fb8ad0f34041568da5620f9799b83ccf0b", size = 390355, upload-time = "2025-10-22T22:23:55.299Z" },
    { url = "https://files.pythonhosted.org/packages/3f/79/9f14ba9010fee74e4f40bf578735cfcbb91d2e642ffd1abe429bb0b96364/rpds_py-0.28.0-cp314-cp314t-manylinux_2_5_i686.manylinux1_i686.whl", hash = "sha256:cf681ac76a60b667106141e11a92a3330890257e6f559ca995fbb5265160b56e", size = 403146, upload-time = "2025-10-22T22:23:56.929Z" },
    { url = "https://files.pythonhosted.org/packages/39/4c/f08283a82ac141331a83a40652830edd3a4a92c34e07e2bbe00baaea2f5f/rpds_py-0.28.0-cp314-cp314t-musllinux_1_2_aarch64.whl", hash = "sha256:1e8ee6413cfc677ce8898d9cde18cc3a60fc2ba756b0dec5b71eb6eb21c49fa1", size = 552656, upload-time = "2025-10-22T22:23:58.62Z" },
    { url = "https://files.pythonhosted.org/packages/61/47/d922fc0666f0dd8e40c33990d055f4cc6ecff6f502c2d01569dbed830f9b/rpds_py-0.28.0-cp314-cp314t-musllinux_1_2_i686.whl", hash = "sha256:b3072b16904d0b5572a15eb9d31c1954e0d3227a585fc1351aa9878729099d6c", size = 576782, upload-time = "2025-10-22T22:24:00.312Z" },
    { url = "https://files.pythonhosted.org/packages/d3/0c/5bafdd8ccf6aa9d3bfc630cfece457ff5b581af24f46a9f3590f790e3df2/rpds_py-0.28.0-cp314-cp314t-musllinux_1_2_x86_64.whl", hash = "sha256:b670c30fd87a6aec281c3c9896d3bae4b205fd75d79d06dc87c2503717e46092", size = 544671, upload-time = "2025-10-22T22:24:02.297Z" },
    { url = "https://files.pythonhosted.org/packages/2c/37/dcc5d8397caa924988693519069d0beea077a866128719351a4ad95e82fc/rpds_py-0.28.0-cp314-cp314t-win32.whl", hash = "sha256:8014045a15b4d2b3476f0a287fcc93d4f823472d7d1308d47884ecac9e612be3", size = 205749, upload-time = "2025-10-22T22:24:03.848Z" },
    { url = "https://files.pythonhosted.org/packages/d7/69/64d43b21a10d72b45939a28961216baeb721cc2a430f5f7c3bfa21659a53/rpds_py-0.28.0-cp314-cp314t-win_amd64.whl", hash = "sha256:7a4e59c90d9c27c561eb3160323634a9ff50b04e4f7820600a2beb0ac90db578", size = 216233, upload-time = "2025-10-22T22:24:05.471Z" },
]

[[package]]
name = "typing-extensions"
version = "4.15.0"
source = { registry = "https://pypi.org/simple" }
sdist = { url = "https://files.pythonhosted.org/packages/72/94/1a15dd82efb362ac84269196e94cf00f187f7ed21c242792a923cdb1c61f/typing_extensions-4.15.0.tar.gz", hash = "sha256:0cea48d173cc12fa28ecabc3b837ea3cf6f38c6d1136f85cbaaf598984861466", size = 109391, upload-time = "2025-08-25T13:49:26.313Z" }
wheels = [
    { url = "https://files.pythonhosted.org/packages/18/67/36e9267722cc04a6b9f15c7f3441c2363321a3ea07da7ae0c0707beb2a9c/typing_extensions-4.15.0-py3-none-any.whl", hash = "sha256:f0fa19c6845758ab08074a0cfa8b7aecb71c999ca73d62883bc25cc018c4e548", size = 44614, upload-time = "2025-08-25T13:49:24.86Z" },
]

[[package]]
name = "typing-inspection"
version = "0.4.2"
source = { registry = "https://pypi.org/simple" }
dependencies = [
    { name = "typing-extensions" },
]
sdist = { url = "https://files.pythonhosted.org/packages/55/e3/70399cb7dd41c10ac53367ae42139cf4b1ca5f36bb3dc6c9d33acdb43655/typing_inspection-0.4.2.tar.gz", hash = "sha256:ba561c48a67c5958007083d386c3295464928b01faa735ab8547c5692e87f464", size = 75949, upload-time = "2025-10-01T02:14:41.687Z" }
wheels = [
    { url = "https://files.pythonhosted.org/packages/dc/9b/47798a6c91d8bdb567fe2698fe81e0c6b7cb7ef4d13da4114b41d239f65d/typing_inspection-0.4.2-py3-none-any.whl", hash = "sha256:4ed1cacbdc298c220f1bd249ed5287caa16f34d44ef4e9c3d0cbad5b521545e7", size = 14611, upload-time = "2025-10-01T02:14:40.154Z" },
]
